
Microsoft Visual Studio Solution File, Format Version 12.00
# Visual Studio Version 16
VisualStudioVersion = 16.0.31005.135
MinimumVisualStudioVersion = 10.0.40219.1
Project("{FAE04EC0-301F-11D3-BF4B-00C04F79EFBC}") = "Przetwarzanie danych numero dos", "Przetwarzanie danych numero dos.csproj", "{22B0D0FF-B7F7-453C-B4AC-04AC09604A06}"
EndProject
Global
	GlobalSection(SolutionConfigurationPlatforms) = preSolution
		Debug|Any CPU = Debug|Any CPU
		Release|Any CPU = Release|Any CPU
	EndGlobalSection
	GlobalSection(ProjectConfigurationPlatforms) = postSolution
		{22B0D0FF-B7F7-453C-B4AC-04AC09604A06}.Debug|Any CPU.ActiveCfg = Debug|Any CPU
		{22B0D0FF-B7F7-453C-B4AC-04AC09604A06}.Debug|Any CPU.Build.0 = Debug|Any CPU
		{22B0D0FF-B7F7-453C-B4AC-04AC09604A06}.Release|Any CPU.ActiveCfg = Release|Any CPU
		{22B0D0FF-B7F7-453C-B4AC-04AC09604A06}.Release|Any CPU.Build.0 = Release|Any CPU
	EndGlobalSection
	GlobalSection(SolutionProperties) = preSolution
		HideSolutionNode = FALSE
	EndGlobalSection
	GlobalSection(ExtensibilityGlobals) = postSolution
		SolutionGuid = {E125EEF1-67E4-48A5-A0F1-B239604E493B}
	EndGlobalSection
EndGlobal
